uuid: 2bcb5e16-d2e8-4abc-b41c-66cb8ede17e1
langcode: es
status: true
dependencies:
  content:
    - 'block_content:basic:21c91c2d-7e98-456a-ab39-69e408961559'
  module:
    - block_content
    - node
    - user
  theme:
    - olivero
id: addterritory_block
theme: olivero
region: sidebar
weight: 0
provider: null
plugin: 'block_content:21c91c2d-7e98-456a-ab39-69e408961559'
settings:
  id: 'block_content:21c91c2d-7e98-456a-ab39-69e408961559'
  label: 'Añadir territorio'
  label_display: '0'
  provider: block_content
  status: true
  info: ''
  view_mode: full
visibility:
  user_role:
    id: user_role
    negate: false
    context_mapping:
      user: '@user.current_user_context:current_user'
    roles:
      authenticated: authenticated
  'entity_bundle:node':
    id: 'entity_bundle:node'
    negate: false
    context_mapping:
      node: '@node.node_route_context:node'
    bundles:
      territory: territory
